
Microsoft Visual Studio Solution File, Format Version 12.00
# Visual Studio Version 16
VisualStudioVersion = 16.0.33130.400
MinimumVisualStudioVersion = 10.0.40219.1
Project("{FAE04EC0-301F-11D3-BF4B-00C04F79EFBC}") = "PolymorphismSubmissionAssignment", "PolymorphismSubmissionAssignment\PolymorphismSubmissionAssignment.csproj", "{90012554-EFB8-43BA-8585-CC9A349BFABA}"
EndProject
Global
	GlobalSection(SolutionConfigurationPlatforms) = preSolution
		Debug|Any CPU = Debug|Any CPU
		Release|Any CPU = Release|Any CPU
	EndGlobalSection
	GlobalSection(ProjectConfigurationPlatforms) = postSolution
		{90012554-EFB8-43BA-8585-CC9A349BFABA}.Debug|Any CPU.ActiveCfg = Debug|Any CPU
		{90012554-EFB8-43BA-8585-CC9A349BFABA}.Debug|Any CPU.Build.0 = Debug|Any CPU
		{90012554-EFB8-43BA-8585-CC9A349BFABA}.Release|Any CPU.ActiveCfg = Release|Any CPU
		{90012554-EFB8-43BA-8585-CC9A349BFABA}.Release|Any CPU.Build.0 = Release|Any CPU
	EndGlobalSection
	GlobalSection(SolutionProperties) = preSolution
		HideSolutionNode = FALSE
	EndGlobalSection
	GlobalSection(ExtensibilityGlobals) = postSolution
		SolutionGuid = {32CB3DE2-3486-4001-956E-82C0E071D1B6}
	EndGlobalSection
EndGlobal
