
Microsoft Visual Studio Solution File, Format Version 12.00
# Visual Studio Version 16
VisualStudioVersion = 16.0.33130.400
MinimumVisualStudioVersion = 10.0.40219.1
Project("{FAE04EC0-301F-11D3-BF4B-00C04F79EFBC}") = "Class Submission", "Class Submission\Class Submission.csproj", "{44AA4BE0-EB3B-4324-8C67-C159CF1F89B2}"
EndProject
Global
	GlobalSection(SolutionConfigurationPlatforms) = preSolution
		Debug|Any CPU = Debug|Any CPU
		Release|Any CPU = Release|Any CPU
	EndGlobalSection
	GlobalSection(ProjectConfigurationPlatforms) = postSolution
		{44AA4BE0-EB3B-4324-8C67-C159CF1F89B2}.Debug|Any CPU.ActiveCfg = Debug|Any CPU
		{44AA4BE0-EB3B-4324-8C67-C159CF1F89B2}.Debug|Any CPU.Build.0 = Debug|Any CPU
		{44AA4BE0-EB3B-4324-8C67-C159CF1F89B2}.Release|Any CPU.ActiveCfg = Release|Any CPU
		{44AA4BE0-EB3B-4324-8C67-C159CF1F89B2}.Release|Any CPU.Build.0 = Release|Any CPU
	EndGlobalSection
	GlobalSection(SolutionProperties) = preSolution
		HideSolutionNode = FALSE
	EndGlobalSection
	GlobalSection(ExtensibilityGlobals) = postSolution
		SolutionGuid = {2C9C9877-44BA-4715-A096-2A78E88AD006}
	EndGlobalSection
EndGlobal
