
Microsoft Visual Studio Solution File, Format Version 12.00
# Visual Studio Version 16
VisualStudioVersion = 16.0.33130.400
MinimumVisualStudioVersion = 10.0.40219.1
Project("{FAE04EC0-301F-11D3-BF4B-00C04F79EFBC}") = "Method Class Submission", "Method Class Submission\Method Class Submission.csproj", "{17936D4B-5284-4C8C-9005-A361CDBC875C}"
EndProject
Global
	GlobalSection(SolutionConfigurationPlatforms) = preSolution
		Debug|Any CPU = Debug|Any CPU
		Release|Any CPU = Release|Any CPU
	EndGlobalSection
	GlobalSection(ProjectConfigurationPlatforms) = postSolution
		{17936D4B-5284-4C8C-9005-A361CDBC875C}.Debug|Any CPU.ActiveCfg = Debug|Any CPU
		{17936D4B-5284-4C8C-9005-A361CDBC875C}.Debug|Any CPU.Build.0 = Debug|Any CPU
		{17936D4B-5284-4C8C-9005-A361CDBC875C}.Release|Any CPU.ActiveCfg = Release|Any CPU
		{17936D4B-5284-4C8C-9005-A361CDBC875C}.Release|Any CPU.Build.0 = Release|Any CPU
	EndGlobalSection
	GlobalSection(SolutionProperties) = preSolution
		HideSolutionNode = FALSE
	EndGlobalSection
	GlobalSection(ExtensibilityGlobals) = postSolution
		SolutionGuid = {E0D6D8D4-82BD-40EB-BA01-A8565A4A9F74}
	EndGlobalSection
EndGlobal
