
Microsoft Visual Studio Solution File, Format Version 12.00
# Visual Studio Version 16
VisualStudioVersion = 16.0.33130.400
MinimumVisualStudioVersion = 10.0.40219.1
Project("{FAE04EC0-301F-11D3-BF4B-00C04F79EFBC}") = "WhileLoopsSubmission", "WhileLoopsSubmission\WhileLoopsSubmission.csproj", "{04308D4F-700A-41EC-9034-C4B780E3F64B}"
EndProject
Global
	GlobalSection(SolutionConfigurationPlatforms) = preSolution
		Debug|Any CPU = Debug|Any CPU
		Release|Any CPU = Release|Any CPU
	EndGlobalSection
	GlobalSection(ProjectConfigurationPlatforms) = postSolution
		{04308D4F-700A-41EC-9034-C4B780E3F64B}.Debug|Any CPU.ActiveCfg = Debug|Any CPU
		{04308D4F-700A-41EC-9034-C4B780E3F64B}.Debug|Any CPU.Build.0 = Debug|Any CPU
		{04308D4F-700A-41EC-9034-C4B780E3F64B}.Release|Any CPU.ActiveCfg = Release|Any CPU
		{04308D4F-700A-41EC-9034-C4B780E3F64B}.Release|Any CPU.Build.0 = Release|Any CPU
	EndGlobalSection
	GlobalSection(SolutionProperties) = preSolution
		HideSolutionNode = FALSE
	EndGlobalSection
	GlobalSection(ExtensibilityGlobals) = postSolution
		SolutionGuid = {C057F80A-ACD5-43C3-8249-DC651313E18F}
	EndGlobalSection
EndGlobal
