
Microsoft Visual Studio Solution File, Format Version 12.00
# Visual Studio Version 16
VisualStudioVersion = 16.0.33130.400
MinimumVisualStudioVersion = 10.0.40219.1
Project("{FAE04EC0-301F-11D3-BF4B-00C04F79EFBC}") = "Scores", "Scores\Scores.csproj", "{DA88C7B1-4B59-47DE-AA85-B6D2FA71C8FE}"
EndProject
Global
	GlobalSection(SolutionConfigurationPlatforms) = preSolution
		Debug|Any CPU = Debug|Any CPU
		Release|Any CPU = Release|Any CPU
	EndGlobalSection
	GlobalSection(ProjectConfigurationPlatforms) = postSolution
		{DA88C7B1-4B59-47DE-AA85-B6D2FA71C8FE}.Debug|Any CPU.ActiveCfg = Debug|Any CPU
		{DA88C7B1-4B59-47DE-AA85-B6D2FA71C8FE}.Debug|Any CPU.Build.0 = Debug|Any CPU
		{DA88C7B1-4B59-47DE-AA85-B6D2FA71C8FE}.Release|Any CPU.ActiveCfg = Release|Any CPU
		{DA88C7B1-4B59-47DE-AA85-B6D2FA71C8FE}.Release|Any CPU.Build.0 = Release|Any CPU
	EndGlobalSection
	GlobalSection(SolutionProperties) = preSolution
		HideSolutionNode = FALSE
	EndGlobalSection
	GlobalSection(ExtensibilityGlobals) = postSolution
		SolutionGuid = {1ABEA96A-E7BB-41D5-B2F7-D65672C1E381}
	EndGlobalSection
EndGlobal
