
Microsoft Visual Studio Solution File, Format Version 12.00
# Visual Studio Version 16
VisualStudioVersion = 16.0.33130.400
MinimumVisualStudioVersion = 10.0.40219.1
Project("{FAE04EC0-301F-11D3-BF4B-00C04F79EFBC}") = "PriceQuoteApp", "PriceQuoteApp\PriceQuoteApp.csproj", "{255375F4-2F47-4120-9858-F4925E926D76}"
EndProject
Global
	GlobalSection(SolutionConfigurationPlatforms) = preSolution
		Debug|Any CPU = Debug|Any CPU
		Release|Any CPU = Release|Any CPU
	EndGlobalSection
	GlobalSection(ProjectConfigurationPlatforms) = postSolution
		{255375F4-2F47-4120-9858-F4925E926D76}.Debug|Any CPU.ActiveCfg = Debug|Any CPU
		{255375F4-2F47-4120-9858-F4925E926D76}.Debug|Any CPU.Build.0 = Debug|Any CPU
		{255375F4-2F47-4120-9858-F4925E926D76}.Release|Any CPU.ActiveCfg = Release|Any CPU
		{255375F4-2F47-4120-9858-F4925E926D76}.Release|Any CPU.Build.0 = Release|Any CPU
	EndGlobalSection
	GlobalSection(SolutionProperties) = preSolution
		HideSolutionNode = FALSE
	EndGlobalSection
	GlobalSection(ExtensibilityGlobals) = postSolution
		SolutionGuid = {A6E6B97B-B35F-4119-AF31-E98A0A59A651}
	EndGlobalSection
EndGlobal
